
Microsoft Visual Studio Solution File, Format Version 12.00
Project("{FAE04EC0-301F-11D3-BF4B-00C04F79EFBC}") = "API", "API\API.csproj", "{006AD4E3-431B-49CC-A37E-5647E2C6F667}"
EndProject
Global
	GlobalSection(SolutionConfigurationPlatforms) = preSolution
		Debug|Any CPU = Debug|Any CPU
		Release|Any CPU = Release|Any CPU
	EndGlobalSection
	GlobalSection(ProjectConfigurationPlatforms) = postSolution
		{006AD4E3-431B-49CC-A37E-5647E2C6F667}.Debug|Any CPU.ActiveCfg = Debug|Any CPU
		{006AD4E3-431B-49CC-A37E-5647E2C6F667}.Debug|Any CPU.Build.0 = Debug|Any CPU
		{006AD4E3-431B-49CC-A37E-5647E2C6F667}.Release|Any CPU.ActiveCfg = Release|Any CPU
		{006AD4E3-431B-49CC-A37E-5647E2C6F667}.Release|Any CPU.Build.0 = Release|Any CPU
	EndGlobalSection
EndGlobal
